
Microsoft Visual Studio Solution File, Format Version 12.00
# Visual Studio Version 17
VisualStudioVersion = 17.11.35222.181
MinimumVisualStudioVersion = 10.0.40219.1
Project("{FAE04EC0-301F-11D3-BF4B-00C04F79EFBC}") = "RedesignedChatLibrary", "ChatLibrary\RedesignedChatLibrary.csproj", "{04D5A8FF-2558-4E50-AF07-97CC485C841B}"
EndProject
Project("{FAE04EC0-301F-11D3-BF4B-00C04F79EFBC}") = "ChatServer", "ChatServer\ChatServer.csproj", "{42FC7B76-E3D3-475C-9E5A-2CF9D8CA1ABF}"
EndProject
Project("{FAE04EC0-301F-11D3-BF4B-00C04F79EFBC}") = "ChatClient", "ChatClient\ChatClient.csproj", "{16DEFC41-BE0A-47B5-AF73-DC685776F0B2}"
EndProject
Global
	GlobalSection(SolutionConfigurationPlatforms) = preSolution
		Debug|Any CPU = Debug|Any CPU
		Release|Any CPU = Release|Any CPU
	EndGlobalSection
	GlobalSection(ProjectConfigurationPlatforms) = postSolution
		{04D5A8FF-2558-4E50-AF07-97CC485C841B}.Debug|Any CPU.ActiveCfg = Debug|Any CPU
		{04D5A8FF-2558-4E50-AF07-97CC485C841B}.Debug|Any CPU.Build.0 = Debug|Any CPU
		{04D5A8FF-2558-4E50-AF07-97CC485C841B}.Release|Any CPU.ActiveCfg = Release|Any CPU
		{04D5A8FF-2558-4E50-AF07-97CC485C841B}.Release|Any CPU.Build.0 = Release|Any CPU
		{42FC7B76-E3D3-475C-9E5A-2CF9D8CA1ABF}.Debug|Any CPU.ActiveCfg = Debug|Any CPU
		{42FC7B76-E3D3-475C-9E5A-2CF9D8CA1ABF}.Debug|Any CPU.Build.0 = Debug|Any CPU
		{42FC7B76-E3D3-475C-9E5A-2CF9D8CA1ABF}.Release|Any CPU.ActiveCfg = Release|Any CPU
		{42FC7B76-E3D3-475C-9E5A-2CF9D8CA1ABF}.Release|Any CPU.Build.0 = Release|Any CPU
		{16DEFC41-BE0A-47B5-AF73-DC685776F0B2}.Debug|Any CPU.ActiveCfg = Debug|Any CPU
		{16DEFC41-BE0A-47B5-AF73-DC685776F0B2}.Debug|Any CPU.Build.0 = Debug|Any CPU
		{16DEFC41-BE0A-47B5-AF73-DC685776F0B2}.Release|Any CPU.ActiveCfg = Release|Any CPU
		{16DEFC41-BE0A-47B5-AF73-DC685776F0B2}.Release|Any CPU.Build.0 = Release|Any CPU
	EndGlobalSection
	GlobalSection(SolutionProperties) = preSolution
		HideSolutionNode = FALSE
	EndGlobalSection
	GlobalSection(ExtensibilityGlobals) = postSolution
		SolutionGuid = {4F939BDE-8F0B-4D6D-A021-D5379EFC6782}
	EndGlobalSection
EndGlobal
